
Microsoft Visual Studio Solution File, Format Version 12.00
# Visual Studio Version 16
VisualStudioVersion = 16.0.30413.136
MinimumVisualStudioVersion = 10.0.40219.1
Project("{9092AA53-FB77-4645-B42D-1CCCA6BD08BD}") = "EmployeeWageComputations", "EmployeeWageComputations\EmployeeWageComputations.njsproj", "{5A3B9695-C712-4D06-AC02-69398228202F}"
EndProject
Global
	GlobalSection(SolutionConfigurationPlatforms) = preSolution
		Debug|Any CPU = Debug|Any CPU
		Release|Any CPU = Release|Any CPU
	EndGlobalSection
	GlobalSection(ProjectConfigurationPlatforms) = postSolution
		{5A3B9695-C712-4D06-AC02-69398228202F}.Debug|Any CPU.ActiveCfg = Debug|Any CPU
		{5A3B9695-C712-4D06-AC02-69398228202F}.Debug|Any CPU.Build.0 = Debug|Any CPU
		{5A3B9695-C712-4D06-AC02-69398228202F}.Release|Any CPU.ActiveCfg = Release|Any CPU
		{5A3B9695-C712-4D06-AC02-69398228202F}.Release|Any CPU.Build.0 = Release|Any CPU
	EndGlobalSection
	GlobalSection(SolutionProperties) = preSolution
		HideSolutionNode = FALSE
	EndGlobalSection
	GlobalSection(ExtensibilityGlobals) = postSolution
		SolutionGuid = {B088079D-4BBE-451C-8848-A57F36424B35}
	EndGlobalSection
EndGlobal
